
Microsoft Visual Studio Solution File, Format Version 12.00
# Visual Studio Version 16
VisualStudioVersion = 16.0.29806.167
MinimumVisualStudioVersion = 10.0.40219.1
Project("{2150E333-8FDC-42A3-9474-1A3956D46DE8}") = "src", "src", "{62A0F76D-4BBA-45E9-87AE-138ADC6B8FA9}"
EndProject
Project("{2150E333-8FDC-42A3-9474-1A3956D46DE8}") = "test", "test", "{3BF533FA-8C31-490D-9BB6-63CC820BA8FA}"
EndProject
Project("{2150E333-8FDC-42A3-9474-1A3956D46DE8}") = "deploy", "deploy", "{6F02BDDC-94F6-49F2-B2BA-D0115F79D594}"
EndProject
Project("{2150E333-8FDC-42A3-9474-1A3956D46DE8}") = "build", "build", "{6F153474-49DB-4676-9D0A-72217C94244F}"
EndProject
Project("{2150E333-8FDC-42A3-9474-1A3956D46DE8}") = "Domain", "Domain", "{F7C06BD5-BC5A-4B1D-8B8D-8A0C49255806}"
EndProject
Project("{2150E333-8FDC-42A3-9474-1A3956D46DE8}") = "Microservices", "Microservices", "{A47575A7-7356-4E2F-9BAF-C07552A3B5CB}"
EndProject
Project("{2150E333-8FDC-42A3-9474-1A3956D46DE8}") = "Presentation", "Presentation", "{4E1051D5-FB0F-4E6C-BEB8-E527C786942B}"
EndProject
Project("{9A19103F-16F7-4668-BE54-9A1E7A4F7556}") = "MicroBackend.Domain.Core", "MicroBackend.Domain.Core\MicroBackend.Domain.Core.csproj", "{AC54514E-EA9E-4B8E-A16E-072021C256B8}"
EndProject
Project("{2150E333-8FDC-42A3-9474-1A3956D46DE8}") = "AuthServer", "AuthServer", "{1EC19AEF-A6C2-44A0-BA89-9A4915B508E1}"
EndProject
Project("{2150E333-8FDC-42A3-9474-1A3956D46DE8}") = "Domain", "Domain", "{50CE5266-CC5D-48DA-A963-C9CE76F46CC7}"
EndProject
Project("{2150E333-8FDC-42A3-9474-1A3956D46DE8}") = "Data", "Data", "{EBB1FC40-1B9F-4EF8-84B4-0FC0D2E25FAB}"
EndProject
Project("{2150E333-8FDC-42A3-9474-1A3956D46DE8}") = "Application", "Application", "{7E1FEA0A-7DBB-4C34-9DAE-B87910212A99}"
EndProject
Project("{2150E333-8FDC-42A3-9474-1A3956D46DE8}") = "Api", "Api", "{3F32023E-23C1-45CE-991E-13F8FF6533C6}"
EndProject
Project("{9A19103F-16F7-4668-BE54-9A1E7A4F7556}") = "MicroBackend.Auth.Domain", "MicroBackend.Auth.Domain\MicroBackend.Auth.Domain.csproj", "{02D02888-90F9-4913-8E2C-0DA8C5C5199C}"
EndProject
Project("{9A19103F-16F7-4668-BE54-9A1E7A4F7556}") = "MicroBackend.Auth.JWT", "MicroBackend.Auth.JWT\MicroBackend.Auth.JWT.csproj", "{D7AF1165-23F9-429A-B624-79A13BEBC837}"
EndProject
Project("{9A19103F-16F7-4668-BE54-9A1E7A4F7556}") = "MicroBackend.Auth.Application", "MicroBackend.Auth.Application\MicroBackend.Auth.Application.csproj", "{50AFB9F3-5B00-4EC9-8325-EE4B4F893B4C}"
EndProject
Project("{9A19103F-16F7-4668-BE54-9A1E7A4F7556}") = "MicroBackend.Auth.Api", "MicroBackend.Auth.Api\MicroBackend.Auth.Api.csproj", "{DB759810-B54E-4BF3-A41E-E5DE98A119CC}"
EndProject
Project("{2150E333-8FDC-42A3-9474-1A3956D46DE8}") = "ApiGateway", "ApiGateway", "{BDC94E2D-3A92-44E9-A263-5A7D55ECEB09}"
EndProject
Project("{2150E333-8FDC-42A3-9474-1A3956D46DE8}") = "Task", "Task", "{D72D5D11-1E7C-46FA-A343-5836732FC6FD}"
EndProject
Project("{2150E333-8FDC-42A3-9474-1A3956D46DE8}") = "Notificatiion", "Notificatiion", "{637F0255-3065-4045-9805-79B2A7049099}"
EndProject
Project("{2150E333-8FDC-42A3-9474-1A3956D46DE8}") = "Profile", "Profile", "{AABE579A-0853-4DBD-8CD2-F989A5CCC9FD}"
EndProject
Project("{9A19103F-16F7-4668-BE54-9A1E7A4F7556}") = "MicroBackend.Auth.Data", "MicroBackend.Auth.Data\MicroBackend.Auth.Data.csproj", "{BBAC7987-FBBD-4E87-9387-A25428A4C0B6}"
EndProject
Project("{FAE04EC0-301F-11D3-BF4B-00C04F79EFBC}") = "MicroBackend.Gateway.Api", "MicroBackend.Gateway.Api\MicroBackend.Gateway.Api.csproj", "{7EAE2840-55D6-422D-887D-971685F8CFEB}"
EndProject
Global
	GlobalSection(SolutionConfigurationPlatforms) = preSolution
		Debug|Any CPU = Debug|Any CPU
		Release|Any CPU = Release|Any CPU
	EndGlobalSection
	GlobalSection(ProjectConfigurationPlatforms) = postSolution
		{AC54514E-EA9E-4B8E-A16E-072021C256B8}.Debug|Any CPU.ActiveCfg = Debug|Any CPU
		{AC54514E-EA9E-4B8E-A16E-072021C256B8}.Debug|Any CPU.Build.0 = Debug|Any CPU
		{AC54514E-EA9E-4B8E-A16E-072021C256B8}.Release|Any CPU.ActiveCfg = Release|Any CPU
		{AC54514E-EA9E-4B8E-A16E-072021C256B8}.Release|Any CPU.Build.0 = Release|Any CPU
		{02D02888-90F9-4913-8E2C-0DA8C5C5199C}.Debug|Any CPU.ActiveCfg = Debug|Any CPU
		{02D02888-90F9-4913-8E2C-0DA8C5C5199C}.Debug|Any CPU.Build.0 = Debug|Any CPU
		{02D02888-90F9-4913-8E2C-0DA8C5C5199C}.Release|Any CPU.ActiveCfg = Release|Any CPU
		{02D02888-90F9-4913-8E2C-0DA8C5C5199C}.Release|Any CPU.Build.0 = Release|Any CPU
		{D7AF1165-23F9-429A-B624-79A13BEBC837}.Debug|Any CPU.ActiveCfg = Debug|Any CPU
		{D7AF1165-23F9-429A-B624-79A13BEBC837}.Debug|Any CPU.Build.0 = Debug|Any CPU
		{D7AF1165-23F9-429A-B624-79A13BEBC837}.Release|Any CPU.ActiveCfg = Release|Any CPU
		{D7AF1165-23F9-429A-B624-79A13BEBC837}.Release|Any CPU.Build.0 = Release|Any CPU
		{50AFB9F3-5B00-4EC9-8325-EE4B4F893B4C}.Debug|Any CPU.ActiveCfg = Debug|Any CPU
		{50AFB9F3-5B00-4EC9-8325-EE4B4F893B4C}.Debug|Any CPU.Build.0 = Debug|Any CPU
		{50AFB9F3-5B00-4EC9-8325-EE4B4F893B4C}.Release|Any CPU.ActiveCfg = Release|Any CPU
		{50AFB9F3-5B00-4EC9-8325-EE4B4F893B4C}.Release|Any CPU.Build.0 = Release|Any CPU
		{DB759810-B54E-4BF3-A41E-E5DE98A119CC}.Debug|Any CPU.ActiveCfg = Debug|Any CPU
		{DB759810-B54E-4BF3-A41E-E5DE98A119CC}.Debug|Any CPU.Build.0 = Debug|Any CPU
		{DB759810-B54E-4BF3-A41E-E5DE98A119CC}.Release|Any CPU.ActiveCfg = Release|Any CPU
		{DB759810-B54E-4BF3-A41E-E5DE98A119CC}.Release|Any CPU.Build.0 = Release|Any CPU
		{BBAC7987-FBBD-4E87-9387-A25428A4C0B6}.Debug|Any CPU.ActiveCfg = Debug|Any CPU
		{BBAC7987-FBBD-4E87-9387-A25428A4C0B6}.Debug|Any CPU.Build.0 = Debug|Any CPU
		{BBAC7987-FBBD-4E87-9387-A25428A4C0B6}.Release|Any CPU.ActiveCfg = Release|Any CPU
		{BBAC7987-FBBD-4E87-9387-A25428A4C0B6}.Release|Any CPU.Build.0 = Release|Any CPU
		{7EAE2840-55D6-422D-887D-971685F8CFEB}.Debug|Any CPU.ActiveCfg = Debug|Any CPU
		{7EAE2840-55D6-422D-887D-971685F8CFEB}.Debug|Any CPU.Build.0 = Debug|Any CPU
		{7EAE2840-55D6-422D-887D-971685F8CFEB}.Release|Any CPU.ActiveCfg = Release|Any CPU
		{7EAE2840-55D6-422D-887D-971685F8CFEB}.Release|Any CPU.Build.0 = Release|Any CPU
	EndGlobalSection
	GlobalSection(SolutionProperties) = preSolution
		HideSolutionNode = FALSE
	EndGlobalSection
	GlobalSection(NestedProjects) = preSolution
		{F7C06BD5-BC5A-4B1D-8B8D-8A0C49255806} = {62A0F76D-4BBA-45E9-87AE-138ADC6B8FA9}
		{A47575A7-7356-4E2F-9BAF-C07552A3B5CB} = {62A0F76D-4BBA-45E9-87AE-138ADC6B8FA9}
		{4E1051D5-FB0F-4E6C-BEB8-E527C786942B} = {62A0F76D-4BBA-45E9-87AE-138ADC6B8FA9}
		{AC54514E-EA9E-4B8E-A16E-072021C256B8} = {F7C06BD5-BC5A-4B1D-8B8D-8A0C49255806}
		{1EC19AEF-A6C2-44A0-BA89-9A4915B508E1} = {A47575A7-7356-4E2F-9BAF-C07552A3B5CB}
		{50CE5266-CC5D-48DA-A963-C9CE76F46CC7} = {1EC19AEF-A6C2-44A0-BA89-9A4915B508E1}
		{EBB1FC40-1B9F-4EF8-84B4-0FC0D2E25FAB} = {1EC19AEF-A6C2-44A0-BA89-9A4915B508E1}
		{7E1FEA0A-7DBB-4C34-9DAE-B87910212A99} = {1EC19AEF-A6C2-44A0-BA89-9A4915B508E1}
		{3F32023E-23C1-45CE-991E-13F8FF6533C6} = {1EC19AEF-A6C2-44A0-BA89-9A4915B508E1}
		{02D02888-90F9-4913-8E2C-0DA8C5C5199C} = {50CE5266-CC5D-48DA-A963-C9CE76F46CC7}
		{D7AF1165-23F9-429A-B624-79A13BEBC837} = {50CE5266-CC5D-48DA-A963-C9CE76F46CC7}
		{50AFB9F3-5B00-4EC9-8325-EE4B4F893B4C} = {7E1FEA0A-7DBB-4C34-9DAE-B87910212A99}
		{DB759810-B54E-4BF3-A41E-E5DE98A119CC} = {3F32023E-23C1-45CE-991E-13F8FF6533C6}
		{BDC94E2D-3A92-44E9-A263-5A7D55ECEB09} = {A47575A7-7356-4E2F-9BAF-C07552A3B5CB}
		{D72D5D11-1E7C-46FA-A343-5836732FC6FD} = {A47575A7-7356-4E2F-9BAF-C07552A3B5CB}
		{637F0255-3065-4045-9805-79B2A7049099} = {A47575A7-7356-4E2F-9BAF-C07552A3B5CB}
		{AABE579A-0853-4DBD-8CD2-F989A5CCC9FD} = {A47575A7-7356-4E2F-9BAF-C07552A3B5CB}
		{BBAC7987-FBBD-4E87-9387-A25428A4C0B6} = {EBB1FC40-1B9F-4EF8-84B4-0FC0D2E25FAB}
		{7EAE2840-55D6-422D-887D-971685F8CFEB} = {BDC94E2D-3A92-44E9-A263-5A7D55ECEB09}
	EndGlobalSection
	GlobalSection(ExtensibilityGlobals) = postSolution
		SolutionGuid = {321CBC5F-1363-45AB-A890-0A2377AC562B}
	EndGlobalSection
EndGlobal
